
Microsoft Visual Studio Solution File, Format Version 12.00
# Visual Studio Version 17
VisualStudioVersion = 17.11.35312.102
MinimumVisualStudioVersion = 10.0.40219.1
Project("{FAE04EC0-301F-11D3-BF4B-00C04F79EFBC}") = "WPF_task1", "WPF_task1\WPF_task1.csproj", "{8BB5CF59-0196-4532-B180-236122ADA7EF}"
EndProject
Global
	GlobalSection(SolutionConfigurationPlatforms) = preSolution
		Debug|Any CPU = Debug|Any CPU
		Release|Any CPU = Release|Any CPU
	EndGlobalSection
	GlobalSection(ProjectConfigurationPlatforms) = postSolution
		{8BB5CF59-0196-4532-B180-236122ADA7EF}.Debug|Any CPU.ActiveCfg = Debug|Any CPU
		{8BB5CF59-0196-4532-B180-236122ADA7EF}.Debug|Any CPU.Build.0 = Debug|Any CPU
		{8BB5CF59-0196-4532-B180-236122ADA7EF}.Release|Any CPU.ActiveCfg = Release|Any CPU
		{8BB5CF59-0196-4532-B180-236122ADA7EF}.Release|Any CPU.Build.0 = Release|Any CPU
	EndGlobalSection
	GlobalSection(SolutionProperties) = preSolution
		HideSolutionNode = FALSE
	EndGlobalSection
	GlobalSection(ExtensibilityGlobals) = postSolution
		SolutionGuid = {432256EE-2AFE-4C43-B74C-19E693088788}
	EndGlobalSection
EndGlobal
